{
  "originHash" : "67f1b629ad740c76c9da01a279512ae5efdc253b45bb518565b9786d53d0d0a8",
  "pins" : [
    {
      "identity" : "reachability.swift",
      "kind" : "remoteSourceControl",
      "location" : "https://github.com/ashleymills/Reachability.swift",
      "state" : {
        "revision" : "21d1dc412cfecbe6e34f1f4c4eb88d3f912654a6",
        "version" : "5.2.4"
      }
    },
    {
      "identity" : "splitview",
      "kind" : "remoteSourceControl",
      "location" : "https://github.com/stevengharris/SplitView",
      "state" : {
        "revision" : "b37d559fd334cd5403433a29a5da6fe78f80714a",
        "version" : "3.5.2"
      }
    },
    {
      "identity" : "swiftstomp",
      "kind" : "remoteSourceControl",
      "location" : "https://github.com/Romixery/SwiftStomp",
      "state" : {
        "revision" : "f25926d2ab67ec0391de9a706cf71dfb08d36bbc",
        "version" : "1.2.1"
      }
    }
  ],
  "version" : 3
}
